
Microsoft Visual Studio Solution File, Format Version 12.00
# Visual Studio Version 17
VisualStudioVersion = 17.2.32516.85
MinimumVisualStudioVersion = 10.0.40219.1
Project("{9A19103F-16F7-4668-BE54-9A1E7A4F7556}") = "WorkspaceSwitch.NET", "WorkspaceSwitch.NET.csproj", "{390BB014-1726-4AD8-B23E-43660FEAF6E4}"
EndProject
Global
	GlobalSection(SolutionConfigurationPlatforms) = preSolution
		Debug|Any CPU = Debug|Any CPU
		Release|Any CPU = Release|Any CPU
	EndGlobalSection
	GlobalSection(ProjectConfigurationPlatforms) = postSolution
		{390BB014-1726-4AD8-B23E-43660FEAF6E4}.Debug|Any CPU.ActiveCfg = Debug|Any CPU
		{390BB014-1726-4AD8-B23E-43660FEAF6E4}.Debug|Any CPU.Build.0 = Debug|Any CPU
		{390BB014-1726-4AD8-B23E-43660FEAF6E4}.Release|Any CPU.ActiveCfg = Release|Any CPU
		{390BB014-1726-4AD8-B23E-43660FEAF6E4}.Release|Any CPU.Build.0 = Release|Any CPU
	EndGlobalSection
	GlobalSection(SolutionProperties) = preSolution
		HideSolutionNode = FALSE
	EndGlobalSection
	GlobalSection(ExtensibilityGlobals) = postSolution
		SolutionGuid = {24ED2873-A991-4629-976B-4078E2E6EE9A}
	EndGlobalSection
EndGlobal
