
Microsoft Visual Studio Solution File, Format Version 12.00
# Visual Studio Version 17
VisualStudioVersion = 17.2.32516.85
MinimumVisualStudioVersion = 10.0.40219.1
Project("{9A19103F-16F7-4668-BE54-9A1E7A4F7556}") = "WorkspaceSwitch.NET", "WorkspaceSwitch.NET\WorkspaceSwitch.NET.csproj", "{70EE59E6-4010-4DDE-B575-EB6C8D06F4BD}"
EndProject
Project("{FAE04EC0-301F-11D3-BF4B-00C04F79EFBC}") = "Win32HotkeyListener", "Win32HotkeyListener\Win32HotkeyListener.csproj", "{78B3BA58-EA61-43CE-8E4B-169E3669A538}"
EndProject
Global
	GlobalSection(SolutionConfigurationPlatforms) = preSolution
		Debug|Any CPU = Debug|Any CPU
		Release|Any CPU = Release|Any CPU
	EndGlobalSection
	GlobalSection(ProjectConfigurationPlatforms) = postSolution
		{70EE59E6-4010-4DDE-B575-EB6C8D06F4BD}.Debug|Any CPU.ActiveCfg = Debug|Any CPU
		{70EE59E6-4010-4DDE-B575-EB6C8D06F4BD}.Debug|Any CPU.Build.0 = Debug|Any CPU
		{70EE59E6-4010-4DDE-B575-EB6C8D06F4BD}.Release|Any CPU.ActiveCfg = Release|Any CPU
		{70EE59E6-4010-4DDE-B575-EB6C8D06F4BD}.Release|Any CPU.Build.0 = Release|Any CPU
		{78B3BA58-EA61-43CE-8E4B-169E3669A538}.Debug|Any CPU.ActiveCfg = Debug|Any CPU
		{78B3BA58-EA61-43CE-8E4B-169E3669A538}.Debug|Any CPU.Build.0 = Debug|Any CPU
		{78B3BA58-EA61-43CE-8E4B-169E3669A538}.Release|Any CPU.ActiveCfg = Release|Any CPU
		{78B3BA58-EA61-43CE-8E4B-169E3669A538}.Release|Any CPU.Build.0 = Release|Any CPU
	EndGlobalSection
	GlobalSection(SolutionProperties) = preSolution
		HideSolutionNode = FALSE
	EndGlobalSection
	GlobalSection(ExtensibilityGlobals) = postSolution
		SolutionGuid = {24ED2873-A991-4629-976B-4078E2E6EE9A}
	EndGlobalSection
EndGlobal
